
Microsoft Visual Studio Solution File, Format Version 12.00
# Visual Studio Version 17
VisualStudioVersion = 17.1.32210.238
MinimumVisualStudioVersion = 10.0.40219.1
Project("{9A19103F-16F7-4668-BE54-9A1E7A4F7556}") = "Toolbox", "Toolbox\Toolbox.csproj", "{DA597779-CFC3-4EE0-8B0D-BD40EA4B0F90}"
EndProject
Project("{9A19103F-16F7-4668-BE54-9A1E7A4F7556}") = "ToolboxTests", "ToolboxTests\ToolboxTests.csproj", "{6FDA6E51-C810-44A0-9EED-05DF8D0F2C68}"
EndProject
Project("{FAE04EC0-301F-11D3-BF4B-00C04F79EFBC}") = "ToolboxBenchmarks", "ToolboxBenchmarks\ToolboxBenchmarks.csproj", "{5053F4F6-2DE2-48BD-A9C4-D7CE7F56B647}"
EndProject
Global
	GlobalSection(SolutionConfigurationPlatforms) = preSolution
		Debug|Any CPU = Debug|Any CPU
		Debug|x64 = Debug|x64
		Debug|x86 = Debug|x86
		Release|Any CPU = Release|Any CPU
		Release|x64 = Release|x64
		Release|x86 = Release|x86
	EndGlobalSection
	GlobalSection(ProjectConfigurationPlatforms) = postSolution
		{DA597779-CFC3-4EE0-8B0D-BD40EA4B0F90}.Debug|Any CPU.ActiveCfg = Debug|Any CPU
		{DA597779-CFC3-4EE0-8B0D-BD40EA4B0F90}.Debug|Any CPU.Build.0 = Debug|Any CPU
		{DA597779-CFC3-4EE0-8B0D-BD40EA4B0F90}.Debug|x64.ActiveCfg = Debug|Any CPU
		{DA597779-CFC3-4EE0-8B0D-BD40EA4B0F90}.Debug|x64.Build.0 = Debug|Any CPU
		{DA597779-CFC3-4EE0-8B0D-BD40EA4B0F90}.Debug|x86.ActiveCfg = Debug|Any CPU
		{DA597779-CFC3-4EE0-8B0D-BD40EA4B0F90}.Debug|x86.Build.0 = Debug|Any CPU
		{DA597779-CFC3-4EE0-8B0D-BD40EA4B0F90}.Release|Any CPU.ActiveCfg = Release|Any CPU
		{DA597779-CFC3-4EE0-8B0D-BD40EA4B0F90}.Release|Any CPU.Build.0 = Release|Any CPU
		{DA597779-CFC3-4EE0-8B0D-BD40EA4B0F90}.Release|x64.ActiveCfg = Release|Any CPU
		{DA597779-CFC3-4EE0-8B0D-BD40EA4B0F90}.Release|x64.Build.0 = Release|Any CPU
		{DA597779-CFC3-4EE0-8B0D-BD40EA4B0F90}.Release|x86.ActiveCfg = Release|Any CPU
		{DA597779-CFC3-4EE0-8B0D-BD40EA4B0F90}.Release|x86.Build.0 = Release|Any CPU
		{6FDA6E51-C810-44A0-9EED-05DF8D0F2C68}.Debug|Any CPU.ActiveCfg = Debug|Any CPU
		{6FDA6E51-C810-44A0-9EED-05DF8D0F2C68}.Debug|Any CPU.Build.0 = Debug|Any CPU
		{6FDA6E51-C810-44A0-9EED-05DF8D0F2C68}.Debug|x64.ActiveCfg = Debug|Any CPU
		{6FDA6E51-C810-44A0-9EED-05DF8D0F2C68}.Debug|x64.Build.0 = Debug|Any CPU
		{6FDA6E51-C810-44A0-9EED-05DF8D0F2C68}.Debug|x86.ActiveCfg = Debug|Any CPU
		{6FDA6E51-C810-44A0-9EED-05DF8D0F2C68}.Debug|x86.Build.0 = Debug|Any CPU
		{6FDA6E51-C810-44A0-9EED-05DF8D0F2C68}.Release|Any CPU.ActiveCfg = Release|Any CPU
		{6FDA6E51-C810-44A0-9EED-05DF8D0F2C68}.Release|Any CPU.Build.0 = Release|Any CPU
		{6FDA6E51-C810-44A0-9EED-05DF8D0F2C68}.Release|x64.ActiveCfg = Release|Any CPU
		{6FDA6E51-C810-44A0-9EED-05DF8D0F2C68}.Release|x64.Build.0 = Release|Any CPU
		{6FDA6E51-C810-44A0-9EED-05DF8D0F2C68}.Release|x86.ActiveCfg = Release|Any CPU
		{6FDA6E51-C810-44A0-9EED-05DF8D0F2C68}.Release|x86.Build.0 = Release|Any CPU
		{5053F4F6-2DE2-48BD-A9C4-D7CE7F56B647}.Debug|Any CPU.ActiveCfg = Debug|Any CPU
		{5053F4F6-2DE2-48BD-A9C4-D7CE7F56B647}.Debug|Any CPU.Build.0 = Debug|Any CPU
		{5053F4F6-2DE2-48BD-A9C4-D7CE7F56B647}.Debug|x64.ActiveCfg = Debug|Any CPU
		{5053F4F6-2DE2-48BD-A9C4-D7CE7F56B647}.Debug|x64.Build.0 = Debug|Any CPU
		{5053F4F6-2DE2-48BD-A9C4-D7CE7F56B647}.Debug|x86.ActiveCfg = Debug|Any CPU
		{5053F4F6-2DE2-48BD-A9C4-D7CE7F56B647}.Debug|x86.Build.0 = Debug|Any CPU
		{5053F4F6-2DE2-48BD-A9C4-D7CE7F56B647}.Release|Any CPU.ActiveCfg = Release|Any CPU
		{5053F4F6-2DE2-48BD-A9C4-D7CE7F56B647}.Release|Any CPU.Build.0 = Release|Any CPU
		{5053F4F6-2DE2-48BD-A9C4-D7CE7F56B647}.Release|x64.ActiveCfg = Release|Any CPU
		{5053F4F6-2DE2-48BD-A9C4-D7CE7F56B647}.Release|x64.Build.0 = Release|Any CPU
		{5053F4F6-2DE2-48BD-A9C4-D7CE7F56B647}.Release|x86.ActiveCfg = Release|Any CPU
		{5053F4F6-2DE2-48BD-A9C4-D7CE7F56B647}.Release|x86.Build.0 = Release|Any CPU
	EndGlobalSection
	GlobalSection(SolutionProperties) = preSolution
		HideSolutionNode = FALSE
	EndGlobalSection
	GlobalSection(ExtensibilityGlobals) = postSolution
		SolutionGuid = {3EBB38CA-367C-4645-85C6-3B89D57E3023}
	EndGlobalSection
EndGlobal
