
Microsoft Visual Studio Solution File, Format Version 12.00
# Visual Studio Version 17
VisualStudioVersion = 17.1.32210.238
MinimumVisualStudioVersion = 10.0.40219.1
Project("{9A19103F-16F7-4668-BE54-9A1E7A4F7556}") = "Toolbox", "Toolbox\Toolbox.csproj", "{DA597779-CFC3-4EE0-8B0D-BD40EA4B0F90}"
EndProject
Global
	GlobalSection(SolutionConfigurationPlatforms) = preSolution
		Debug|Any CPU = Debug|Any CPU
		Release|Any CPU = Release|Any CPU
	EndGlobalSection
	GlobalSection(ProjectConfigurationPlatforms) = postSolution
		{DA597779-CFC3-4EE0-8B0D-BD40EA4B0F90}.Debug|Any CPU.ActiveCfg = Debug|Any CPU
		{DA597779-CFC3-4EE0-8B0D-BD40EA4B0F90}.Debug|Any CPU.Build.0 = Debug|Any CPU
		{DA597779-CFC3-4EE0-8B0D-BD40EA4B0F90}.Release|Any CPU.ActiveCfg = Release|Any CPU
		{DA597779-CFC3-4EE0-8B0D-BD40EA4B0F90}.Release|Any CPU.Build.0 = Release|Any CPU
	EndGlobalSection
	GlobalSection(SolutionProperties) = preSolution
		HideSolutionNode = FALSE
	EndGlobalSection
	GlobalSection(ExtensibilityGlobals) = postSolution
		SolutionGuid = {3EBB38CA-367C-4645-85C6-3B89D57E3023}
	EndGlobalSection
EndGlobal
